// !$*UTF8*$!
{
	archiveVersion = 1;
	classes = {
	};
	objectVersion = 56;
	objects = {

/* Begin PBXBuildFile section */
		EE3C43AA2A5FE8E8003318D0 /* MarkaziText-Regular.ttf in Resources */ = {isa = PBXBuildFile; fileRef = EE3C43A82A5FE8C5003318D0 /* MarkaziText-Regular.ttf */; };
		EE4D4D452A5DE49B00CA62F7 /* Persistence.swift in Sources */ = {isa = PBXBuildFile; fileRef = EE4D4D432A5DE49B00CA62F7 /* Persistence.swift */; };
		EE4D4D462A5DE49B00CA62F7 /* FetchedObjects.swift in Sources */ = {isa = PBXBuildFile; fileRef = EE4D4D442A5DE49B00CA62F7 /* FetchedObjects.swift */; };
		EE4D4D482A5DE5F200CA62F7 /* MenuList.swift in Sources */ = {isa = PBXBuildFile; fileRef = EE4D4D472A5DE5F200CA62F7 /* MenuList.swift */; };
		EE4D4D4A2A5DE5FC00CA62F7 /* MenuItem.swift in Sources */ = {isa = PBXBuildFile; fileRef = EE4D4D492A5DE5FC00CA62F7 /* MenuItem.swift */; };
		EE4D4D502A5E954100CA62F7 /* ExampleDatabase.xcdatamodeld in Sources */ = {isa = PBXBuildFile; fileRef = EE4D4D4E2A5E954100CA62F7 /* ExampleDatabase.xcdatamodeld */; };
		EE4D4D522A5E9B3500CA62F7 /* MenuItemView.swift in Sources */ = {isa = PBXBuildFile; fileRef = EE4D4D512A5E9B3500CA62F7 /* MenuItemView.swift */; };
		EE4D4D582A5EC17000CA62F7 /* CategoryRow.swift in Sources */ = {isa = PBXBuildFile; fileRef = EE4D4D572A5EC17000CA62F7 /* CategoryRow.swift */; };
		EE68C2722A5840B600CB7926 /* LittleLemonApp.swift in Sources */ = {isa = PBXBuildFile; fileRef = EE68C2712A5840B600CB7926 /* LittleLemonApp.swift */; };
		EE68C2762A5840B700CB7926 /* Assets.xcassets in Resources */ = {isa = PBXBuildFile; fileRef = EE68C2752A5840B700CB7926 /* Assets.xcassets */; };
		EE68C2792A5840B700CB7926 /* Preview Assets.xcassets in Resources */ = {isa = PBXBuildFile; fileRef = EE68C2782A5840B700CB7926 /* Preview Assets.xcassets */; };
		EE68C2802A5C524700CB7926 /* Onboarding.swift in Sources */ = {isa = PBXBuildFile; fileRef = EE68C27F2A5C524700CB7926 /* Onboarding.swift */; };
		EE68C2822A5C57C900CB7926 /* Home.swift in Sources */ = {isa = PBXBuildFile; fileRef = EE68C2812A5C57C900CB7926 /* Home.swift */; };
		EE68C2842A5C57FF00CB7926 /* Menu.swift in Sources */ = {isa = PBXBuildFile; fileRef = EE68C2832A5C57FF00CB7926 /* Menu.swift */; };
		EE68C2882A5C5E5200CB7926 /* UserProfile.swift in Sources */ = {isa = PBXBuildFile; fileRef = EE68C2872A5C5E5200CB7926 /* UserProfile.swift */; };
/* End PBXBuildFile section */

/* Begin PBXFileReference section */
		EE3C43A82A5FE8C5003318D0 /* MarkaziText-Regular.ttf */ = {isa = PBXFileReference; lastKnownFileType = file; path = "MarkaziText-Regular.ttf"; sourceTree = "<group>"; };
		EE3C43AB2A5FE914003318D0 /* Info.plist */ = {isa = PBXFileReference; lastKnownFileType = text.plist; path = Info.plist; sourceTree = "<group>"; };
		EE4D4D432A5DE49B00CA62F7 /* Persistence.swift */ = {isa = PBXFileReference; fileEncoding = 4; lastKnownFileType = sourcecode.swift; path = Persistence.swift; sourceTree = "<group>"; };
		EE4D4D442A5DE49B00CA62F7 /* FetchedObjects.swift */ = {isa = PBXFileReference; fileEncoding = 4; lastKnownFileType = sourcecode.swift; path = FetchedObjects.swift; sourceTree = "<group>"; };
		EE4D4D472A5DE5F200CA62F7 /* MenuList.swift */ = {isa = PBXFileReference; lastKnownFileType = sourcecode.swift; path = MenuList.swift; sourceTree = "<group>"; };
		EE4D4D492A5DE5FC00CA62F7 /* MenuItem.swift */ = {isa = PBXFileReference; lastKnownFileType = sourcecode.swift; path = MenuItem.swift; sourceTree = "<group>"; };
		EE4D4D4F2A5E954100CA62F7 /* ExampleDatabase.xcdatamodel */ = {isa = PBXFileReference; lastKnownFileType = wrapper.xcdatamodel; path = ExampleDatabase.xcdatamodel; sourceTree = "<group>"; };
		EE4D4D512A5E9B3500CA62F7 /* MenuItemView.swift */ = {isa = PBXFileReference; lastKnownFileType = sourcecode.swift; path = MenuItemView.swift; sourceTree = "<group>"; };
		EE4D4D572A5EC17000CA62F7 /* CategoryRow.swift */ = {isa = PBXFileReference; lastKnownFileType = sourcecode.swift; path = CategoryRow.swift; sourceTree = "<group>"; };
		EE68C26E2A5840B600CB7926 /* LittleLemon.app */ = {isa = PBXFileReference; explicitFileType = wrapper.application; includeInIndex = 0; path = LittleLemon.app; sourceTree = BUILT_PRODUCTS_DIR; };
		EE68C2712A5840B600CB7926 /* LittleLemonApp.swift */ = {isa = PBXFileReference; lastKnownFileType = sourcecode.swift; path = LittleLemonApp.swift; sourceTree = "<group>"; };
		EE68C2752A5840B700CB7926 /* Assets.xcassets */ = {isa = PBXFileReference; lastKnownFileType = folder.assetcatalog; path = Assets.xcassets; sourceTree = "<group>"; };
		EE68C2782A5840B700CB7926 /* Preview Assets.xcassets */ = {isa = PBXFileReference; lastKnownFileType = folder.assetcatalog; path = "Preview Assets.xcassets"; sourceTree = "<group>"; };
		EE68C27F2A5C524700CB7926 /* Onboarding.swift */ = {isa = PBXFileReference; lastKnownFileType = sourcecode.swift; path = Onboarding.swift; sourceTree = "<group>"; };
		EE68C2812A5C57C900CB7926 /* Home.swift */ = {isa = PBXFileReference; lastKnownFileType = sourcecode.swift; path = Home.swift; sourceTree = "<group>"; };
		EE68C2832A5C57FF00CB7926 /* Menu.swift */ = {isa = PBXFileReference; lastKnownFileType = sourcecode.swift; path = Menu.swift; sourceTree = "<group>"; };
		EE68C2872A5C5E5200CB7926 /* UserProfile.swift */ = {isa = PBXFileReference; lastKnownFileType = sourcecode.swift; path = UserProfile.swift; sourceTree = "<group>"; };
/* End PBXFileReference section */

/* Begin PBXFrameworksBuildPhase section */
		EE68C26B2A5840B600CB7926 /* Frameworks */ = {
			isa = PBXFrameworksBuildPhase;
			buildActionMask = 2147483647;
			files = (
			);
			runOnlyForDeploymentPostprocessing = 0;
		};
/* End PBXFrameworksBuildPhase section */

/* Begin PBXGroup section */
		EE3C43A92A5FE8C9003318D0 /* Font */ = {
			isa = PBXGroup;
			children = (
				EE3C43A82A5FE8C5003318D0 /* MarkaziText-Regular.ttf */,
			);
			path = Font;
			sourceTree = "<group>";
		};
		EE4D4D4B2A5DE67E00CA62F7 /* Model */ = {
			isa = PBXGroup;
			children = (
				EE4D4D472A5DE5F200CA62F7 /* MenuList.swift */,
				EE4D4D492A5DE5FC00CA62F7 /* MenuItem.swift */,
			);
			path = Model;
			sourceTree = "<group>";
		};
		EE4D4D4C2A5DE68B00CA62F7 /* Core Data */ = {
			isa = PBXGroup;
			children = (
				EE4D4D442A5DE49B00CA62F7 /* FetchedObjects.swift */,
				EE4D4D432A5DE49B00CA62F7 /* Persistence.swift */,
				EE4D4D4E2A5E954100CA62F7 /* ExampleDatabase.xcdatamodeld */,
			);
			path = "Core Data";
			sourceTree = "<group>";
		};
		EE4D4D4D2A5DE6AB00CA62F7 /* Views */ = {
			isa = PBXGroup;
			children = (
				EE68C27F2A5C524700CB7926 /* Onboarding.swift */,
				EE68C2812A5C57C900CB7926 /* Home.swift */,
				EE68C2832A5C57FF00CB7926 /* Menu.swift */,
				EE68C2872A5C5E5200CB7926 /* UserProfile.swift */,
				EE4D4D512A5E9B3500CA62F7 /* MenuItemView.swift */,
				EE4D4D572A5EC17000CA62F7 /* CategoryRow.swift */,
			);
			path = Views;
			sourceTree = "<group>";
		};
		EE68C2652A5840B600CB7926 = {
			isa = PBXGroup;
			children = (
				EE68C2702A5840B600CB7926 /* LittleLemon */,
				EE68C26F2A5840B600CB7926 /* Products */,
			);
			sourceTree = "<group>";
		};
		EE68C26F2A5840B600CB7926 /* Products */ = {
			isa = PBXGroup;
			children = (
				EE68C26E2A5840B600CB7926 /* LittleLemon.app */,
			);
			name = Products;
			sourceTree = "<group>";
		};
		EE68C2702A5840B600CB7926 /* LittleLemon */ = {
			isa = PBXGroup;
			children = (
				EE3C43AB2A5FE914003318D0 /* Info.plist */,
				EE68C2712A5840B600CB7926 /* LittleLemonApp.swift */,
				EE4D4D4D2A5DE6AB00CA62F7 /* Views */,
				EE4D4D4B2A5DE67E00CA62F7 /* Model */,
				EE3C43A92A5FE8C9003318D0 /* Font */,
				EE4D4D4C2A5DE68B00CA62F7 /* Core Data */,
				EE68C2752A5840B700CB7926 /* Assets.xcassets */,
				EE68C2772A5840B700CB7926 /* Preview Content */,
			);
			path = LittleLemon;
			sourceTree = "<group>";
		};
		EE68C2772A5840B700CB7926 /* Preview Content */ = {
			isa = PBXGroup;
			children = (
				EE68C2782A5840B700CB7926 /* Preview Assets.xcassets */,
			);
			path = "Preview Content";
			sourceTree = "<group>";
		};
/* End PBXGroup section */

/* Begin PBXNativeTarget section */
		EE68C26D2A5840B600CB7926 /* LittleLemon */ = {
			isa = PBXNativeTarget;
			buildConfigurationList = EE68C27C2A5840B700CB7926 /* Build configuration list for PBXNativeTarget "LittleLemon" */;
			buildPhases = (
				EE68C26A2A5840B600CB7926 /* Sources */,
				EE68C26B2A5840B600CB7926 /* Frameworks */,
				EE68C26C2A5840B600CB7926 /* Resources */,
			);
			buildRules = (
			);
			dependencies = (
			);
			name = LittleLemon;
			productName = LittleLemon;
			productReference = EE68C26E2A5840B600CB7926 /* LittleLemon.app */;
			productType = "com.apple.product-type.application";
		};
/* End PBXNativeTarget section */

/* Begin PBXProject section */
		EE68C2662A5840B600CB7926 /* Project object */ = {
			isa = PBXProject;
			attributes = {
				BuildIndependentTargetsInParallel = 1;
				LastSwiftUpdateCheck = 1430;
				LastUpgradeCheck = 1430;
				TargetAttributes = {
					EE68C26D2A5840B600CB7926 = {
						CreatedOnToolsVersion = 14.3.1;
					};
				};
			};
			buildConfigurationList = EE68C2692A5840B600CB7926 /* Build configuration list for PBXProject "LittleLemon" */;
			compatibilityVersion = "Xcode 14.0";
			developmentRegion = en;
			hasScannedForEncodings = 0;
			knownRegions = (
				en,
				Base,
			);
			mainGroup = EE68C2652A5840B600CB7926;
			productRefGroup = EE68C26F2A5840B600CB7926 /* Products */;
			projectDirPath = "";
			projectRoot = "";
			targets = (
				EE68C26D2A5840B600CB7926 /* LittleLemon */,
			);
		};
/* End PBXProject section */

/* Begin PBXResourcesBuildPhase section */
		EE68C26C2A5840B600CB7926 /* Resources */ = {
			isa = PBXResourcesBuildPhase;
			buildActionMask = 2147483647;
			files = (
				EE68C2792A5840B700CB7926 /* Preview Assets.xcassets in Resources */,
				EE3C43AA2A5FE8E8003318D0 /* MarkaziText-Regular.ttf in Resources */,
				EE68C2762A5840B700CB7926 /* Assets.xcassets in Resources */,
			);
			runOnlyForDeploymentPostprocessing = 0;
		};
/* End PBXResourcesBuildPhase section */

/* Begin PBXSourcesBuildPhase section */
		EE68C26A2A5840B600CB7926 /* Sources */ = {
			isa = PBXSourcesBuildPhase;
			buildActionMask = 2147483647;
			files = (
				EE68C2802A5C524700CB7926 /* Onboarding.swift in Sources */,
				EE68C2882A5C5E5200CB7926 /* UserProfile.swift in Sources */,
				EE4D4D522A5E9B3500CA62F7 /* MenuItemView.swift in Sources */,
				EE4D4D452A5DE49B00CA62F7 /* Persistence.swift in Sources */,
				EE4D4D462A5DE49B00CA62F7 /* FetchedObjects.swift in Sources */,
				EE68C2822A5C57C900CB7926 /* Home.swift in Sources */,
				EE4D4D502A5E954100CA62F7 /* ExampleDatabase.xcdatamodeld in Sources */,
				EE68C2722A5840B600CB7926 /* LittleLemonApp.swift in Sources */,
				EE4D4D482A5DE5F200CA62F7 /* MenuList.swift in Sources */,
				EE68C2842A5C57FF00CB7926 /* Menu.swift in Sources */,
				EE4D4D582A5EC17000CA62F7 /* CategoryRow.swift in Sources */,
				EE4D4D4A2A5DE5FC00CA62F7 /* MenuItem.swift in Sources */,
			);
			runOnlyForDeploymentPostprocessing = 0;
		};
/* End PBXSourcesBuildPhase section */

/* Begin XCBuildConfiguration section */
		EE68C27A2A5840B700CB7926 /* Debug */ = {
			isa = XCBuildConfiguration;
			buildSettings = {
				ALWAYS_SEARCH_USER_PATHS = NO;
				CLANG_ANALYZER_NONNULL = YES;
				CLANG_ANALYZER_NUMBER_OBJECT_CONVERSION = YES_AGGRESSIVE;
				CLANG_CXX_LANGUAGE_STANDARD = "gnu++20";
				CLANG_ENABLE_MODULES = YES;
				CLANG_ENABLE_OBJC_ARC = YES;
				CLANG_ENABLE_OBJC_WEAK = YES;
				CLANG_WARN_BLOCK_CAPTURE_AUTORELEASING = YES;
				CLANG_WARN_BOOL_CONVERSION = YES;
				CLANG_WARN_COMMA = YES;
				CLANG_WARN_CONSTANT_CONVERSION = YES;
				CLANG_WARN_DEPRECATED_OBJC_IMPLEMENTATIONS = YES;
				CLANG_WARN_DIRECT_OBJC_ISA_USAGE = YES_ERROR;
				CLANG_WARN_DOCUMENTATION_COMMENTS = YES;
				CLANG_WARN_EMPTY_BODY = YES;
				CLANG_WARN_ENUM_CONVERSION = YES;
				CLANG_WARN_INFINITE_RECURSION = YES;
				CLANG_WARN_INT_CONVERSION = YES;
				CLANG_WARN_NON_LITERAL_NULL_CONVERSION = YES;
				CLANG_WARN_OBJC_IMPLICIT_RETAIN_SELF = YES;
				CLANG_WARN_OBJC_LITERAL_CONVERSION = YES;
				CLANG_WARN_OBJC_ROOT_CLASS = YES_ERROR;
				CLANG_WARN_QUOTED_INCLUDE_IN_FRAMEWORK_HEADER = YES;
				CLANG_WARN_RANGE_LOOP_ANALYSIS = YES;
				CLANG_WARN_STRICT_PROTOTYPES = YES;
				CLANG_WARN_SUSPICIOUS_MOVE = YES;
				CLANG_WARN_UNGUARDED_AVAILABILITY = YES_AGGRESSIVE;
				CLANG_WARN_UNREACHABLE_CODE = YES;
				CLANG_WARN__DUPLICATE_METHOD_MATCH = YES;
				COPY_PHASE_STRIP = NO;
				DEBUG_INFORMATION_FORMAT = dwarf;
				ENABLE_STRICT_OBJC_MSGSEND = YES;
				ENABLE_TESTABILITY = YES;
				GCC_C_LANGUAGE_STANDARD = gnu11;
				GCC_DYNAMIC_NO_PIC = NO;
				GCC_NO_COMMON_BLOCKS = YES;
				GCC_OPTIMIZATION_LEVEL = 0;
				GCC_PREPROCESSOR_DEFINITIONS = (
					"DEBUG=1",
					"$(inherited)",
				);
				GCC_WARN_64_TO_32_BIT_CONVERSION = YES;
				GCC_WARN_ABOUT_RETURN_TYPE = YES_ERROR;
				GCC_WARN_UNDECLARED_SELECTOR = YES;
				GCC_WARN_UNINITIALIZED_AUTOS = YES_AGGRESSIVE;
				GCC_WARN_UNUSED_FUNCTION = YES;
				GCC_WARN_UNUSED_VARIABLE = YES;
				IPHONEOS_DEPLOYMENT_TARGET = 16.4;
				MTL_ENABLE_DEBUG_INFO = INCLUDE_SOURCE;
				MTL_FAST_MATH = YES;
				ONLY_ACTIVE_ARCH = YES;
				SDKROOT = iphoneos;
				SWIFT_ACTIVE_COMPILATION_CONDITIONS = DEBUG;
				SWIFT_OPTIMIZATION_LEVEL = "-Onone";
			};
			name = Debug;
		};
		EE68C27B2A5840B700CB7926 /* Release */ = {
			isa = XCBuildConfiguration;
			buildSettings = {
				ALWAYS_SEARCH_USER_PATHS = NO;
				CLANG_ANALYZER_NONNULL = YES;
				CLANG_ANALYZER_NUMBER_OBJECT_CONVERSION = YES_AGGRESSIVE;
				CLANG_CXX_LANGUAGE_STANDARD = "gnu++20";
				CLANG_ENABLE_MODULES = YES;
				CLANG_ENABLE_OBJC_ARC = YES;
				CLANG_ENABLE_OBJC_WEAK = YES;
				CLANG_WARN_BLOCK_CAPTURE_AUTORELEASING = YES;
				CLANG_WARN_BOOL_CONVERSION = YES;
				CLANG_WARN_COMMA = YES;
				CLANG_WARN_CONSTANT_CONVERSION = YES;
				CLANG_WARN_DEPRECATED_OBJC_IMPLEMENTATIONS = YES;
				CLANG_WARN_DIRECT_OBJC_ISA_USAGE = YES_ERROR;
				CLANG_WARN_DOCUMENTATION_COMMENTS = YES;
				CLANG_WARN_EMPTY_BODY = YES;
				CLANG_WARN_ENUM_CONVERSION = YES;
				CLANG_WARN_INFINITE_RECURSION = YES;
				CLANG_WARN_INT_CONVERSION = YES;
				CLANG_WARN_NON_LITERAL_NULL_CONVERSION = YES;
				CLANG_WARN_OBJC_IMPLICIT_RETAIN_SELF = YES;
				CLANG_WARN_OBJC_LITERAL_CONVERSION = YES;
				CLANG_WARN_OBJC_ROOT_CLASS = YES_ERROR;
				CLANG_WARN_QUOTED_INCLUDE_IN_FRAMEWORK_HEADER = YES;
				CLANG_WARN_RANGE_LOOP_ANALYSIS = YES;
				CLANG_WARN_STRICT_PROTOTYPES = YES;
				CLANG_WARN_SUSPICIOUS_MOVE = YES;
				CLANG_WARN_UNGUARDED_AVAILABILITY = YES_AGGRESSIVE;
				CLANG_WARN_UNREACHABLE_CODE = YES;
				CLANG_WARN__DUPLICATE_METHOD_MATCH = YES;
				COPY_PHASE_STRIP = NO;
				DEBUG_INFORMATION_FORMAT = "dwarf-with-dsym";
				ENABLE_NS_ASSERTIONS = NO;
				ENABLE_STRICT_OBJC_MSGSEND = YES;
				GCC_C_LANGUAGE_STANDARD = gnu11;
				GCC_NO_COMMON_BLOCKS = YES;
				GCC_WARN_64_TO_32_BIT_CONVERSION = YES;
				GCC_WARN_ABOUT_RETURN_TYPE = YES_ERROR;
				GCC_WARN_UNDECLARED_SELECTOR = YES;
				GCC_WARN_UNINITIALIZED_AUTOS = YES_AGGRESSIVE;
				GCC_WARN_UNUSED_FUNCTION = YES;
				GCC_WARN_UNUSED_VARIABLE = YES;
				IPHONEOS_DEPLOYMENT_TARGET = 16.4;
				MTL_ENABLE_DEBUG_INFO = NO;
				MTL_FAST_MATH = YES;
				SDKROOT = iphoneos;
				SWIFT_COMPILATION_MODE = wholemodule;
				SWIFT_OPTIMIZATION_LEVEL = "-O";
				VALIDATE_PRODUCT = YES;
			};
			name = Release;
		};
		EE68C27D2A5840B700CB7926 /* Debug */ = {
			isa = XCBuildConfiguration;
			buildSettings = {
				ASSETCATALOG_COMPILER_APPICON_NAME = AppIcon;
				ASSETCATALOG_COMPILER_GLOBAL_ACCENT_COLOR_NAME = AccentColor;
				CODE_SIGN_STYLE = Automatic;
				CURRENT_PROJECT_VERSION = 1;
				DEVELOPMENT_ASSET_PATHS = "\"LittleLemon/Preview Content\"";
				DEVELOPMENT_TEAM = 5FTZ3V88NZ;
				ENABLE_PREVIEWS = YES;
				GENERATE_INFOPLIST_FILE = YES;
				INFOPLIST_FILE = LittleLemon/Info.plist;
				INFOPLIST_KEY_UIApplicationSceneManifest_Generation = YES;
				INFOPLIST_KEY_UIApplicationSupportsIndirectInputEvents = YES;
				INFOPLIST_KEY_UILaunchScreen_Generation = YES;
				INFOPLIST_KEY_UISupportedInterfaceOrientations_iPad = "UIInterfaceOrientationPortrait UIInterfaceOrientationPortraitUpsideDown UIInterfaceOrientationLandscapeLeft UIInterfaceOrientationLandscapeRight";
				INFOPLIST_KEY_UISupportedInterfaceOrientations_iPhone = "UIInterfaceOrientationPortrait UIInterfaceOrientationLandscapeLeft UIInterfaceOrientationLandscapeRight";
				LD_RUNPATH_SEARCH_PATHS = (
					"$(inherited)",
					"@executable_path/Frameworks",
				);
				MARKETING_VERSION = 1.0;
				PRODUCT_BUNDLE_IDENTIFIER = enzokaniewska.LittleLemon;
				PRODUCT_NAME = "$(TARGET_NAME)";
				SWIFT_EMIT_LOC_STRINGS = YES;
				SWIFT_VERSION = 5.0;
				TARGETED_DEVICE_FAMILY = "1,2";
			};
			name = Debug;
		};
		EE68C27E2A5840B700CB7926 /* Release */ = {
			isa = XCBuildConfiguration;
			buildSettings = {
				ASSETCATALOG_COMPILER_APPICON_NAME = AppIcon;
				ASSETCATALOG_COMPILER_GLOBAL_ACCENT_COLOR_NAME = AccentColor;
				CODE_SIGN_STYLE = Automatic;
				CURRENT_PROJECT_VERSION = 1;
				DEVELOPMENT_ASSET_PATHS = "\"LittleLemon/Preview Content\"";
				DEVELOPMENT_TEAM = 5FTZ3V88NZ;
				ENABLE_PREVIEWS = YES;
				GENERATE_INFOPLIST_FILE = YES;
				INFOPLIST_FILE = LittleLemon/Info.plist;
				INFOPLIST_KEY_UIApplicationSceneManifest_Generation = YES;
				INFOPLIST_KEY_UIApplicationSupportsIndirectInputEvents = YES;
				INFOPLIST_KEY_UILaunchScreen_Generation = YES;
				INFOPLIST_KEY_UISupportedInterfaceOrientations_iPad = "UIInterfaceOrientationPortrait UIInterfaceOrientationPortraitUpsideDown UIInterfaceOrientationLandscapeLeft UIInterfaceOrientationLandscapeRight";
				INFOPLIST_KEY_UISupportedInterfaceOrientations_iPhone = "UIInterfaceOrientationPortrait UIInterfaceOrientationLandscapeLeft UIInterfaceOrientationLandscapeRight";
				LD_RUNPATH_SEARCH_PATHS = (
					"$(inherited)",
					"@executable_path/Frameworks",
				);
				MARKETING_VERSION = 1.0;
				PRODUCT_BUNDLE_IDENTIFIER = enzokaniewska.LittleLemon;
				PRODUCT_NAME = "$(TARGET_NAME)";
				SWIFT_EMIT_LOC_STRINGS = YES;
				SWIFT_VERSION = 5.0;
				TARGETED_DEVICE_FAMILY = "1,2";
			};
			name = Release;
		};
/* End XCBuildConfiguration section */

/* Begin XCConfigurationList section */
		EE68C2692A5840B600CB7926 /* Build configuration list for PBXProject "LittleLemon" */ = {
			isa = XCConfigurationList;
			buildConfigurations = (
				EE68C27A2A5840B700CB7926 /* Debug */,
				EE68C27B2A5840B700CB7926 /* Release */,
			);
			defaultConfigurationIsVisible = 0;
			defaultConfigurationName = Release;
		};
		EE68C27C2A5840B700CB7926 /* Build configuration list for PBXNativeTarget "LittleLemon" */ = {
			isa = XCConfigurationList;
			buildConfigurations = (
				EE68C27D2A5840B700CB7926 /* Debug */,
				EE68C27E2A5840B700CB7926 /* Release */,
			);
			defaultConfigurationIsVisible = 0;
			defaultConfigurationName = Release;
		};
/* End XCConfigurationList section */

/* Begin XCVersionGroup section */
		EE4D4D4E2A5E954100CA62F7 /* ExampleDatabase.xcdatamodeld */ = {
			isa = XCVersionGroup;
			children = (
				EE4D4D4F2A5E954100CA62F7 /* ExampleDatabase.xcdatamodel */,
			);
			currentVersion = EE4D4D4F2A5E954100CA62F7 /* ExampleDatabase.xcdatamodel */;
			path = ExampleDatabase.xcdatamodeld;
			sourceTree = "<group>";
			versionGroupType = wrapper.xcdatamodel;
		};
/* End XCVersionGroup section */
	};
	rootObject = EE68C2662A5840B600CB7926 /* Project object */;
}
